
Microsoft Visual Studio Solution File, Format Version 12.00
# Visual Studio Version 17
VisualStudioVersion = 17.11.35327.3
MinimumVisualStudioVersion = 10.0.40219.1
Project("{FAE04EC0-301F-11D3-BF4B-00C04F79EFBC}") = "Pattern_Drawing_Project_C#", "Pattern_Drawing_Project_C#.csproj", "{2EBEC862-3E0D-42D8-9ECB-07FC207361AE}"
EndProject
Global
	GlobalSection(SolutionConfigurationPlatforms) = preSolution
		Debug|Any CPU = Debug|Any CPU
		Release|Any CPU = Release|Any CPU
	EndGlobalSection
	GlobalSection(ProjectConfigurationPlatforms) = postSolution
		{2EBEC862-3E0D-42D8-9ECB-07FC207361AE}.Debug|Any CPU.ActiveCfg = Debug|Any CPU
		{2EBEC862-3E0D-42D8-9ECB-07FC207361AE}.Debug|Any CPU.Build.0 = Debug|Any CPU
		{2EBEC862-3E0D-42D8-9ECB-07FC207361AE}.Release|Any CPU.ActiveCfg = Release|Any CPU
		{2EBEC862-3E0D-42D8-9ECB-07FC207361AE}.Release|Any CPU.Build.0 = Release|Any CPU
	EndGlobalSection
	GlobalSection(SolutionProperties) = preSolution
		HideSolutionNode = FALSE
	EndGlobalSection
	GlobalSection(ExtensibilityGlobals) = postSolution
		SolutionGuid = {52AB4827-EAF4-4CC7-9DA6-7AE4C0FFC989}
	EndGlobalSection
EndGlobal
